// !$*UTF8*$!
{
	archiveVersion = 1;
	classes = {
	};
	objectVersion = 55;
	objects = {

/* Begin PBXBuildFile section */
		8551FF0B27470FF20053649E /* junctionappApp.swift in Sources */ = {isa = PBXBuildFile; fileRef = 8551FF0A27470FF20053649E /* junctionappApp.swift */; };
		8551FF0D27470FF20053649E /* ContentView.swift in Sources */ = {isa = PBXBuildFile; fileRef = 8551FF0C27470FF20053649E /* ContentView.swift */; };
		8551FF0F27470FF30053649E /* Assets.xcassets in Resources */ = {isa = PBXBuildFile; fileRef = 8551FF0E27470FF30053649E /* Assets.xcassets */; };
		8551FF1227470FF30053649E /* Preview Assets.xcassets in Resources */ = {isa = PBXBuildFile; fileRef = 8551FF1127470FF30053649E /* Preview Assets.xcassets */; };
		8551FF1D274710840053649E /* SwiftUIX in Frameworks */ = {isa = PBXBuildFile; productRef = 8551FF1C274710840053649E /* SwiftUIX */; };
		8551FF20274710970053649E /* PureSwiftUI in Frameworks */ = {isa = PBXBuildFile; productRef = 8551FF1F274710970053649E /* PureSwiftUI */; };
		8551FF23274710A90053649E /* Alamofire in Frameworks */ = {isa = PBXBuildFile; productRef = 8551FF22274710A90053649E /* Alamofire */; };
		8551FF26274710C70053649E /* Regex in Frameworks */ = {isa = PBXBuildFile; productRef = 8551FF25274710C70053649E /* Regex */; };
		8551FF29274710DF0053649E /* SkeletonUI in Frameworks */ = {isa = PBXBuildFile; productRef = 8551FF28274710DF0053649E /* SkeletonUI */; };
		8551FF2C274710F10053649E /* SDWebImageSwiftUI in Frameworks */ = {isa = PBXBuildFile; productRef = 8551FF2B274710F10053649E /* SDWebImageSwiftUI */; };
		8551FF2F274711270053649E /* MediaCore in Frameworks */ = {isa = PBXBuildFile; productRef = 8551FF2E274711270053649E /* MediaCore */; };
		8551FF31274711270053649E /* MediaSwiftUI in Frameworks */ = {isa = PBXBuildFile; productRef = 8551FF30274711270053649E /* MediaSwiftUI */; };
		8551FF34274711460053649E /* PopupView in Frameworks */ = {isa = PBXBuildFile; productRef = 8551FF33274711460053649E /* PopupView */; };
		8551FF372747117E0053649E /* DynamicColor in Frameworks */ = {isa = PBXBuildFile; productRef = 8551FF362747117E0053649E /* DynamicColor */; };
		8551FF3C2747125B0053649E /* MainView.swift in Sources */ = {isa = PBXBuildFile; fileRef = 8551FF3B2747125B0053649E /* MainView.swift */; };
		8551FF3E274712640053649E /* MainViewModel.swift in Sources */ = {isa = PBXBuildFile; fileRef = 8551FF3D274712640053649E /* MainViewModel.swift */; };
		8551FF402747129C0053649E /* NetworkService.swift in Sources */ = {isa = PBXBuildFile; fileRef = 8551FF3F2747129C0053649E /* NetworkService.swift */; };
		8551FF442747153B0053649E /* Alamofire+async.swift in Sources */ = {isa = PBXBuildFile; fileRef = 8551FF432747153B0053649E /* Alamofire+async.swift */; };
		8551FF472747C5FD0053649E /* MainModel.swift in Sources */ = {isa = PBXBuildFile; fileRef = 8551FF462747C5FD0053649E /* MainModel.swift */; };
		8551FF492747C91B0053649E /* Colors.swift in Sources */ = {isa = PBXBuildFile; fileRef = 8551FF482747C91B0053649E /* Colors.swift */; };
		8551FF4B2747C95B0053649E /* Fonts.swift in Sources */ = {isa = PBXBuildFile; fileRef = 8551FF4A2747C95B0053649E /* Fonts.swift */; };
		8551FF4F2747C9AA0053649E /* Title.swift in Sources */ = {isa = PBXBuildFile; fileRef = 8551FF4E2747C9AA0053649E /* Title.swift */; };
		8551FF512747C9B20053649E /* Subtitle.swift in Sources */ = {isa = PBXBuildFile; fileRef = 8551FF502747C9B20053649E /* Subtitle.swift */; };
		8551FF532747C9C70053649E /* Caption.swift in Sources */ = {isa = PBXBuildFile; fileRef = 8551FF522747C9C70053649E /* Caption.swift */; };
		8551FF552747C9F40053649E /* Collection+safe.swift in Sources */ = {isa = PBXBuildFile; fileRef = 8551FF542747C9F40053649E /* Collection+safe.swift */; };
		8551FF572747CB2C0053649E /* ButtonStyles.swift in Sources */ = {isa = PBXBuildFile; fileRef = 8551FF562747CB2C0053649E /* ButtonStyles.swift */; };
		8551FF592747CB820053649E /* Theme.swift in Sources */ = {isa = PBXBuildFile; fileRef = 8551FF582747CB820053649E /* Theme.swift */; };
		8551FF5C2747CE070053649E /* NetworkService+main.swift in Sources */ = {isa = PBXBuildFile; fileRef = 8551FF5B2747CE070053649E /* NetworkService+main.swift */; };
		8551FF5E2747CEFE0053649E /* Encodable+dict.swift in Sources */ = {isa = PBXBuildFile; fileRef = 8551FF5D2747CEFE0053649E /* Encodable+dict.swift */; };
		8551FF632747D1230053649E /* ViewModel.swift in Sources */ = {isa = PBXBuildFile; fileRef = 8551FF622747D1230053649E /* ViewModel.swift */; };
		8551FF652747D1E10053649E /* Notifications.swift in Sources */ = {isa = PBXBuildFile; fileRef = 8551FF642747D1E10053649E /* Notifications.swift */; };
		8551FF672747D22F0053649E /* Alert+stringExpr.swift in Sources */ = {isa = PBXBuildFile; fileRef = 8551FF662747D22F0053649E /* Alert+stringExpr.swift */; };
		8551FF692747D2EA0053649E /* ActivityIndicator.swift in Sources */ = {isa = PBXBuildFile; fileRef = 8551FF682747D2EA0053649E /* ActivityIndicator.swift */; };
		855DAB062748353000BE2AAB /* MapView.swift in Sources */ = {isa = PBXBuildFile; fileRef = 855DAB052748353000BE2AAB /* MapView.swift */; };
		855DAB09274837E600BE2AAB /* CityView.swift in Sources */ = {isa = PBXBuildFile; fileRef = 855DAB08274837E600BE2AAB /* CityView.swift */; };
		855DAB0B27483B3D00BE2AAB /* CityViewModel.swift in Sources */ = {isa = PBXBuildFile; fileRef = 855DAB0A27483B3D00BE2AAB /* CityViewModel.swift */; };
		855DAB0D2748459100BE2AAB /* HouseModel.swift in Sources */ = {isa = PBXBuildFile; fileRef = 855DAB0C2748459100BE2AAB /* HouseModel.swift */; };
		855DAB122748531900BE2AAB /* NetworkService+notification.swift in Sources */ = {isa = PBXBuildFile; fileRef = 855DAB112748531900BE2AAB /* NetworkService+notification.swift */; };
		855DAB142748533C00BE2AAB /* NotificationModel.swift in Sources */ = {isa = PBXBuildFile; fileRef = 855DAB132748533C00BE2AAB /* NotificationModel.swift */; };
		855DAB162748541C00BE2AAB /* NotificationsViewModifier.swift in Sources */ = {isa = PBXBuildFile; fileRef = 855DAB152748541C00BE2AAB /* NotificationsViewModifier.swift */; };
		855DAB192748542D00BE2AAB /* NotificationsViewModel.swift in Sources */ = {isa = PBXBuildFile; fileRef = 855DAB182748542D00BE2AAB /* NotificationsViewModel.swift */; };
		855DAB1B274855D700BE2AAB /* CoordModel.swift in Sources */ = {isa = PBXBuildFile; fileRef = 855DAB1A274855D700BE2AAB /* CoordModel.swift */; };
		855DAB1D2748571E00BE2AAB /* AppDelegate.swift in Sources */ = {isa = PBXBuildFile; fileRef = 855DAB1C2748571E00BE2AAB /* AppDelegate.swift */; };
		855DAB202748613D00BE2AAB /* SwiftLocation in Frameworks */ = {isa = PBXBuildFile; productRef = 855DAB1F2748613D00BE2AAB /* SwiftLocation */; };
		855DAB222748657100BE2AAB /* NetworkService+visit.swift in Sources */ = {isa = PBXBuildFile; fileRef = 855DAB212748657100BE2AAB /* NetworkService+visit.swift */; };
		855DAB2427486B9100BE2AAB /* SectionsView.swift in Sources */ = {isa = PBXBuildFile; fileRef = 855DAB2327486B9100BE2AAB /* SectionsView.swift */; };
		855DAB2D2748826700BE2AAB /* Introspect in Frameworks */ = {isa = PBXBuildFile; productRef = 855DAB2C2748826700BE2AAB /* Introspect */; };
		855DAB332748956200BE2AAB /* Snap in Frameworks */ = {isa = PBXBuildFile; productRef = 855DAB322748956200BE2AAB /* Snap */; };
		855DAB3627489E0700BE2AAB /* PlainCard.swift in Sources */ = {isa = PBXBuildFile; fileRef = 855DAB3527489E0700BE2AAB /* PlainCard.swift */; };
		858BDC632749316F00FD5DCA /* AvatarViewModifier.swift in Sources */ = {isa = PBXBuildFile; fileRef = 858BDC622749316F00FD5DCA /* AvatarViewModifier.swift */; };
		858BDC652749317700FD5DCA /* AvatarViewModel.swift in Sources */ = {isa = PBXBuildFile; fileRef = 858BDC642749317700FD5DCA /* AvatarViewModel.swift */; };
		858BDC67274933B600FD5DCA /* AvatarModel.swift in Sources */ = {isa = PBXBuildFile; fileRef = 858BDC66274933B600FD5DCA /* AvatarModel.swift */; };
		858BDC692749357900FD5DCA /* NetworkService+avatar.swift in Sources */ = {isa = PBXBuildFile; fileRef = 858BDC682749357900FD5DCA /* NetworkService+avatar.swift */; };
		858BDC6B27493F0000FD5DCA /* DividerView.swift in Sources */ = {isa = PBXBuildFile; fileRef = 858BDC6A27493F0000FD5DCA /* DividerView.swift */; };
		858BDC6D2749408C00FD5DCA /* BottomSheetView.swift in Sources */ = {isa = PBXBuildFile; fileRef = 858BDC6C2749408C00FD5DCA /* BottomSheetView.swift */; };
		858BDC70274940D700FD5DCA /* EventSheetView.swift in Sources */ = {isa = PBXBuildFile; fileRef = 858BDC6F274940D700FD5DCA /* EventSheetView.swift */; };
		85BA7ED62748129500DF4F43 /* Launch Screen.storyboard in Resources */ = {isa = PBXBuildFile; fileRef = 85BA7ED52748129500DF4F43 /* Launch Screen.storyboard */; };
		85DBF3CA2748AF2A0080312D /* LightChart in Frameworks */ = {isa = PBXBuildFile; productRef = 85DBF3C92748AF2A0080312D /* LightChart */; };
		85DBF3CC2748E6290080312D /* Environment+safeArea.swift in Sources */ = {isa = PBXBuildFile; fileRef = 85DBF3CB2748E6290080312D /* Environment+safeArea.swift */; };
		85DBF3CE274901770080312D /* Constants.swift in Sources */ = {isa = PBXBuildFile; fileRef = 85DBF3CD274901770080312D /* Constants.swift */; };
		85DBF3D127490C6E0080312D /* EventView.swift in Sources */ = {isa = PBXBuildFile; fileRef = 85DBF3D027490C6E0080312D /* EventView.swift */; };
		85DBF3D327490CE20080312D /* EventModel.swift in Sources */ = {isa = PBXBuildFile; fileRef = 85DBF3D227490CE20080312D /* EventModel.swift */; };
/* End PBXBuildFile section */

/* Begin PBXFileReference section */
		8551FF0727470FF20053649E /* junctionapp.app */ = {isa = PBXFileReference; explicitFileType = wrapper.application; includeInIndex = 0; path = junctionapp.app; sourceTree = BUILT_PRODUCTS_DIR; };
		8551FF0A27470FF20053649E /* junctionappApp.swift */ = {isa = PBXFileReference; lastKnownFileType = sourcecode.swift; path = junctionappApp.swift; sourceTree = "<group>"; };
		8551FF0C27470FF20053649E /* ContentView.swift */ = {isa = PBXFileReference; lastKnownFileType = sourcecode.swift; path = ContentView.swift; sourceTree = "<group>"; };
		8551FF0E27470FF30053649E /* Assets.xcassets */ = {isa = PBXFileReference; lastKnownFileType = folder.assetcatalog; path = Assets.xcassets; sourceTree = "<group>"; };
		8551FF1127470FF30053649E /* Preview Assets.xcassets */ = {isa = PBXFileReference; lastKnownFileType = folder.assetcatalog; path = "Preview Assets.xcassets"; sourceTree = "<group>"; };
		8551FF3B2747125B0053649E /* MainView.swift */ = {isa = PBXFileReference; lastKnownFileType = sourcecode.swift; path = MainView.swift; sourceTree = "<group>"; };
		8551FF3D274712640053649E /* MainViewModel.swift */ = {isa = PBXFileReference; lastKnownFileType = sourcecode.swift; path = MainViewModel.swift; sourceTree = "<group>"; };
		8551FF3F2747129C0053649E /* NetworkService.swift */ = {isa = PBXFileReference; lastKnownFileType = sourcecode.swift; path = NetworkService.swift; sourceTree = "<group>"; };
		8551FF432747153B0053649E /* Alamofire+async.swift */ = {isa = PBXFileReference; lastKnownFileType = sourcecode.swift; path = "Alamofire+async.swift"; sourceTree = "<group>"; };
		8551FF462747C5FD0053649E /* MainModel.swift */ = {isa = PBXFileReference; lastKnownFileType = sourcecode.swift; path = MainModel.swift; sourceTree = "<group>"; };
		8551FF482747C91B0053649E /* Colors.swift */ = {isa = PBXFileReference; lastKnownFileType = sourcecode.swift; path = Colors.swift; sourceTree = "<group>"; };
		8551FF4A2747C95B0053649E /* Fonts.swift */ = {isa = PBXFileReference; lastKnownFileType = sourcecode.swift; path = Fonts.swift; sourceTree = "<group>"; };
		8551FF4E2747C9AA0053649E /* Title.swift */ = {isa = PBXFileReference; lastKnownFileType = sourcecode.swift; path = Title.swift; sourceTree = "<group>"; };
		8551FF502747C9B20053649E /* Subtitle.swift */ = {isa = PBXFileReference; lastKnownFileType = sourcecode.swift; path = Subtitle.swift; sourceTree = "<group>"; };
		8551FF522747C9C70053649E /* Caption.swift */ = {isa = PBXFileReference; lastKnownFileType = sourcecode.swift; path = Caption.swift; sourceTree = "<group>"; };
		8551FF542747C9F40053649E /* Collection+safe.swift */ = {isa = PBXFileReference; lastKnownFileType = sourcecode.swift; path = "Collection+safe.swift"; sourceTree = "<group>"; };
		8551FF562747CB2C0053649E /* ButtonStyles.swift */ = {isa = PBXFileReference; lastKnownFileType = sourcecode.swift; path = ButtonStyles.swift; sourceTree = "<group>"; };
		8551FF582747CB820053649E /* Theme.swift */ = {isa = PBXFileReference; lastKnownFileType = sourcecode.swift; path = Theme.swift; sourceTree = "<group>"; };
		8551FF5B2747CE070053649E /* NetworkService+main.swift */ = {isa = PBXFileReference; lastKnownFileType = sourcecode.swift; path = "NetworkService+main.swift"; sourceTree = "<group>"; };
		8551FF5D2747CEFE0053649E /* Encodable+dict.swift */ = {isa = PBXFileReference; lastKnownFileType = sourcecode.swift; path = "Encodable+dict.swift"; sourceTree = "<group>"; };
		8551FF622747D1230053649E /* ViewModel.swift */ = {isa = PBXFileReference; lastKnownFileType = sourcecode.swift; path = ViewModel.swift; sourceTree = "<group>"; };
		8551FF642747D1E10053649E /* Notifications.swift */ = {isa = PBXFileReference; lastKnownFileType = sourcecode.swift; path = Notifications.swift; sourceTree = "<group>"; };
		8551FF662747D22F0053649E /* Alert+stringExpr.swift */ = {isa = PBXFileReference; lastKnownFileType = sourcecode.swift; path = "Alert+stringExpr.swift"; sourceTree = "<group>"; };
		8551FF682747D2EA0053649E /* ActivityIndicator.swift */ = {isa = PBXFileReference; lastKnownFileType = sourcecode.swift; path = ActivityIndicator.swift; sourceTree = "<group>"; };
		855DAB052748353000BE2AAB /* MapView.swift */ = {isa = PBXFileReference; lastKnownFileType = sourcecode.swift; path = MapView.swift; sourceTree = "<group>"; };
		855DAB08274837E600BE2AAB /* CityView.swift */ = {isa = PBXFileReference; lastKnownFileType = sourcecode.swift; path = CityView.swift; sourceTree = "<group>"; };
		855DAB0A27483B3D00BE2AAB /* CityViewModel.swift */ = {isa = PBXFileReference; fileEncoding = 4; lastKnownFileType = sourcecode.swift; path = CityViewModel.swift; sourceTree = "<group>"; };
		855DAB0C2748459100BE2AAB /* HouseModel.swift */ = {isa = PBXFileReference; lastKnownFileType = sourcecode.swift; path = HouseModel.swift; sourceTree = "<group>"; };
		855DAB112748531900BE2AAB /* NetworkService+notification.swift */ = {isa = PBXFileReference; lastKnownFileType = sourcecode.swift; path = "NetworkService+notification.swift"; sourceTree = "<group>"; };
		855DAB132748533C00BE2AAB /* NotificationModel.swift */ = {isa = PBXFileReference; lastKnownFileType = sourcecode.swift; path = NotificationModel.swift; sourceTree = "<group>"; };
		855DAB152748541C00BE2AAB /* NotificationsViewModifier.swift */ = {isa = PBXFileReference; lastKnownFileType = sourcecode.swift; path = NotificationsViewModifier.swift; sourceTree = "<group>"; };
		855DAB182748542D00BE2AAB /* NotificationsViewModel.swift */ = {isa = PBXFileReference; lastKnownFileType = sourcecode.swift; path = NotificationsViewModel.swift; sourceTree = "<group>"; };
		855DAB1A274855D700BE2AAB /* CoordModel.swift */ = {isa = PBXFileReference; lastKnownFileType = sourcecode.swift; path = CoordModel.swift; sourceTree = "<group>"; };
		855DAB1C2748571E00BE2AAB /* AppDelegate.swift */ = {isa = PBXFileReference; lastKnownFileType = sourcecode.swift; path = AppDelegate.swift; sourceTree = "<group>"; };
		855DAB212748657100BE2AAB /* NetworkService+visit.swift */ = {isa = PBXFileReference; lastKnownFileType = sourcecode.swift; path = "NetworkService+visit.swift"; sourceTree = "<group>"; };
		855DAB2327486B9100BE2AAB /* SectionsView.swift */ = {isa = PBXFileReference; lastKnownFileType = sourcecode.swift; path = SectionsView.swift; sourceTree = "<group>"; };
		855DAB3527489E0700BE2AAB /* PlainCard.swift */ = {isa = PBXFileReference; lastKnownFileType = sourcecode.swift; path = PlainCard.swift; sourceTree = "<group>"; };
		858BDC622749316F00FD5DCA /* AvatarViewModifier.swift */ = {isa = PBXFileReference; lastKnownFileType = sourcecode.swift; path = AvatarViewModifier.swift; sourceTree = "<group>"; };
		858BDC642749317700FD5DCA /* AvatarViewModel.swift */ = {isa = PBXFileReference; lastKnownFileType = sourcecode.swift; path = AvatarViewModel.swift; sourceTree = "<group>"; };
		858BDC66274933B600FD5DCA /* AvatarModel.swift */ = {isa = PBXFileReference; lastKnownFileType = sourcecode.swift; path = AvatarModel.swift; sourceTree = "<group>"; };
		858BDC682749357900FD5DCA /* NetworkService+avatar.swift */ = {isa = PBXFileReference; lastKnownFileType = sourcecode.swift; path = "NetworkService+avatar.swift"; sourceTree = "<group>"; };
		858BDC6A27493F0000FD5DCA /* DividerView.swift */ = {isa = PBXFileReference; lastKnownFileType = sourcecode.swift; path = DividerView.swift; sourceTree = "<group>"; };
		858BDC6C2749408C00FD5DCA /* BottomSheetView.swift */ = {isa = PBXFileReference; lastKnownFileType = sourcecode.swift; path = BottomSheetView.swift; sourceTree = "<group>"; };
		858BDC6F274940D700FD5DCA /* EventSheetView.swift */ = {isa = PBXFileReference; lastKnownFileType = sourcecode.swift; path = EventSheetView.swift; sourceTree = "<group>"; };
		85BA7ED52748129500DF4F43 /* Launch Screen.storyboard */ = {isa = PBXFileReference; lastKnownFileType = file.storyboard; path = "Launch Screen.storyboard"; sourceTree = "<group>"; };
		85DBF3CB2748E6290080312D /* Environment+safeArea.swift */ = {isa = PBXFileReference; lastKnownFileType = sourcecode.swift; path = "Environment+safeArea.swift"; sourceTree = "<group>"; };
		85DBF3CD274901770080312D /* Constants.swift */ = {isa = PBXFileReference; lastKnownFileType = sourcecode.swift; path = Constants.swift; sourceTree = "<group>"; };
		85DBF3D027490C6E0080312D /* EventView.swift */ = {isa = PBXFileReference; lastKnownFileType = sourcecode.swift; path = EventView.swift; sourceTree = "<group>"; };
		85DBF3D227490CE20080312D /* EventModel.swift */ = {isa = PBXFileReference; lastKnownFileType = sourcecode.swift; path = EventModel.swift; sourceTree = "<group>"; };
/* End PBXFileReference section */

/* Begin PBXFrameworksBuildPhase section */
		8551FF0427470FF20053649E /* Frameworks */ = {
			isa = PBXFrameworksBuildPhase;
			buildActionMask = 2147483647;
			files = (
				8551FF2C274710F10053649E /* SDWebImageSwiftUI in Frameworks */,
				8551FF29274710DF0053649E /* SkeletonUI in Frameworks */,
				8551FF26274710C70053649E /* Regex in Frameworks */,
				8551FF34274711460053649E /* PopupView in Frameworks */,
				8551FF23274710A90053649E /* Alamofire in Frameworks */,
				8551FF20274710970053649E /* PureSwiftUI in Frameworks */,
				855DAB202748613D00BE2AAB /* SwiftLocation in Frameworks */,
				8551FF372747117E0053649E /* DynamicColor in Frameworks */,
				8551FF1D274710840053649E /* SwiftUIX in Frameworks */,
				855DAB332748956200BE2AAB /* Snap in Frameworks */,
				855DAB2D2748826700BE2AAB /* Introspect in Frameworks */,
				8551FF2F274711270053649E /* MediaCore in Frameworks */,
				85DBF3CA2748AF2A0080312D /* LightChart in Frameworks */,
				8551FF31274711270053649E /* MediaSwiftUI in Frameworks */,
			);
			runOnlyForDeploymentPostprocessing = 0;
		};
/* End PBXFrameworksBuildPhase section */

/* Begin PBXGroup section */
		8551FEFE27470FF10053649E = {
			isa = PBXGroup;
			children = (
				8551FF0927470FF20053649E /* junctionapp */,
				8551FF0827470FF20053649E /* Products */,
			);
			sourceTree = "<group>";
		};
		8551FF0827470FF20053649E /* Products */ = {
			isa = PBXGroup;
			children = (
				8551FF0727470FF20053649E /* junctionapp.app */,
			);
			name = Products;
			sourceTree = "<group>";
		};
		8551FF0927470FF20053649E /* junctionapp */ = {
			isa = PBXGroup;
			children = (
				8551FF4C2747C99B0053649E /* Views */,
				855DAB172748542100BE2AAB /* Notifications */,
				8551FF41274715270053649E /* Common */,
				8551FF392747124A0053649E /* Services */,
				8551FF38274712410053649E /* Screens */,
				8551FF0A27470FF20053649E /* junctionappApp.swift */,
				855DAB1C2748571E00BE2AAB /* AppDelegate.swift */,
				8551FF0C27470FF20053649E /* ContentView.swift */,
				8551FF0E27470FF30053649E /* Assets.xcassets */,
				8551FF1027470FF30053649E /* Preview Content */,
				85BA7ED52748129500DF4F43 /* Launch Screen.storyboard */,
			);
			path = junctionapp;
			sourceTree = "<group>";
		};
		8551FF1027470FF30053649E /* Preview Content */ = {
			isa = PBXGroup;
			children = (
				8551FF1127470FF30053649E /* Preview Assets.xcassets */,
			);
			path = "Preview Content";
			sourceTree = "<group>";
		};
		8551FF38274712410053649E /* Screens */ = {
			isa = PBXGroup;
			children = (
				855DAB07274837AA00BE2AAB /* City */,
				8551FF3A274712500053649E /* Main */,
			);
			path = Screens;
			sourceTree = "<group>";
		};
		8551FF392747124A0053649E /* Services */ = {
			isa = PBXGroup;
			children = (
				8551FF5A2747CDFC0053649E /* NetworkService */,
				8551FF3F2747129C0053649E /* NetworkService.swift */,
			);
			path = Services;
			sourceTree = "<group>";
		};
		8551FF3A274712500053649E /* Main */ = {
			isa = PBXGroup;
			children = (
				8551FF3B2747125B0053649E /* MainView.swift */,
				8551FF3D274712640053649E /* MainViewModel.swift */,
			);
			path = Main;
			sourceTree = "<group>";
		};
		8551FF41274715270053649E /* Common */ = {
			isa = PBXGroup;
			children = (
				8551FF482747C91B0053649E /* Colors.swift */,
				8551FF4A2747C95B0053649E /* Fonts.swift */,
				8551FF582747CB820053649E /* Theme.swift */,
				8551FF452747C5F00053649E /* Models */,
				8551FF422747152B0053649E /* Extensions */,
				8551FF622747D1230053649E /* ViewModel.swift */,
				8551FF642747D1E10053649E /* Notifications.swift */,
				85DBF3CD274901770080312D /* Constants.swift */,
			);
			path = Common;
			sourceTree = "<group>";
		};
		8551FF422747152B0053649E /* Extensions */ = {
			isa = PBXGroup;
			children = (
				8551FF432747153B0053649E /* Alamofire+async.swift */,
				8551FF542747C9F40053649E /* Collection+safe.swift */,
				8551FF5D2747CEFE0053649E /* Encodable+dict.swift */,
				8551FF662747D22F0053649E /* Alert+stringExpr.swift */,
				85DBF3CB2748E6290080312D /* Environment+safeArea.swift */,
			);
			path = Extensions;
			sourceTree = "<group>";
		};
		8551FF452747C5F00053649E /* Models */ = {
			isa = PBXGroup;
			children = (
				8551FF462747C5FD0053649E /* MainModel.swift */,
				855DAB0C2748459100BE2AAB /* HouseModel.swift */,
				855DAB132748533C00BE2AAB /* NotificationModel.swift */,
				855DAB1A274855D700BE2AAB /* CoordModel.swift */,
				85DBF3D227490CE20080312D /* EventModel.swift */,
				858BDC66274933B600FD5DCA /* AvatarModel.swift */,
			);
			path = Models;
			sourceTree = "<group>";
		};
		8551FF4C2747C99B0053649E /* Views */ = {
			isa = PBXGroup;
			children = (
				858BDC612749315600FD5DCA /* Avatar */,
				8551FF4D2747C9A40053649E /* Text */,
				8551FF562747CB2C0053649E /* ButtonStyles.swift */,
				8551FF682747D2EA0053649E /* ActivityIndicator.swift */,
				855DAB052748353000BE2AAB /* MapView.swift */,
				855DAB2327486B9100BE2AAB /* SectionsView.swift */,
				855DAB3527489E0700BE2AAB /* PlainCard.swift */,
			);
			path = Views;
			sourceTree = "<group>";
		};
		8551FF4D2747C9A40053649E /* Text */ = {
			isa = PBXGroup;
			children = (
				8551FF4E2747C9AA0053649E /* Title.swift */,
				8551FF502747C9B20053649E /* Subtitle.swift */,
				8551FF522747C9C70053649E /* Caption.swift */,
			);
			path = Text;
			sourceTree = "<group>";
		};
		8551FF5A2747CDFC0053649E /* NetworkService */ = {
			isa = PBXGroup;
			children = (
				8551FF5B2747CE070053649E /* NetworkService+main.swift */,
				855DAB112748531900BE2AAB /* NetworkService+notification.swift */,
				855DAB212748657100BE2AAB /* NetworkService+visit.swift */,
				858BDC682749357900FD5DCA /* NetworkService+avatar.swift */,
			);
			path = NetworkService;
			sourceTree = "<group>";
		};
		855DAB07274837AA00BE2AAB /* City */ = {
			isa = PBXGroup;
			children = (
				858BDC6E274940C500FD5DCA /* Event */,
				85DBF3CF27490BE50080312D /* Views */,
				855DAB0A27483B3D00BE2AAB /* CityViewModel.swift */,
				855DAB08274837E600BE2AAB /* CityView.swift */,
			);
			path = City;
			sourceTree = "<group>";
		};
		855DAB172748542100BE2AAB /* Notifications */ = {
			isa = PBXGroup;
			children = (
				855DAB152748541C00BE2AAB /* NotificationsViewModifier.swift */,
				855DAB182748542D00BE2AAB /* NotificationsViewModel.swift */,
			);
			path = Notifications;
			sourceTree = "<group>";
		};
		858BDC612749315600FD5DCA /* Avatar */ = {
			isa = PBXGroup;
			children = (
				858BDC622749316F00FD5DCA /* AvatarViewModifier.swift */,
				858BDC642749317700FD5DCA /* AvatarViewModel.swift */,
			);
			path = Avatar;
			sourceTree = "<group>";
		};
		858BDC6E274940C500FD5DCA /* Event */ = {
			isa = PBXGroup;
			children = (
				858BDC6F274940D700FD5DCA /* EventSheetView.swift */,
			);
			path = Event;
			sourceTree = "<group>";
		};
		85DBF3CF27490BE50080312D /* Views */ = {
			isa = PBXGroup;
			children = (
				85DBF3D027490C6E0080312D /* EventView.swift */,
				858BDC6A27493F0000FD5DCA /* DividerView.swift */,
				858BDC6C2749408C00FD5DCA /* BottomSheetView.swift */,
			);
			path = Views;
			sourceTree = "<group>";
		};
/* End PBXGroup section */

/* Begin PBXNativeTarget section */
		8551FF0627470FF20053649E /* junctionapp */ = {
			isa = PBXNativeTarget;
			buildConfigurationList = 8551FF1527470FF30053649E /* Build configuration list for PBXNativeTarget "junctionapp" */;
			buildPhases = (
				8551FF0327470FF20053649E /* Sources */,
				8551FF0427470FF20053649E /* Frameworks */,
				8551FF0527470FF20053649E /* Resources */,
			);
			buildRules = (
			);
			dependencies = (
			);
			name = junctionapp;
			packageProductDependencies = (
				8551FF1C274710840053649E /* SwiftUIX */,
				8551FF1F274710970053649E /* PureSwiftUI */,
				8551FF22274710A90053649E /* Alamofire */,
				8551FF25274710C70053649E /* Regex */,
				8551FF28274710DF0053649E /* SkeletonUI */,
				8551FF2B274710F10053649E /* SDWebImageSwiftUI */,
				8551FF2E274711270053649E /* MediaCore */,
				8551FF30274711270053649E /* MediaSwiftUI */,
				8551FF33274711460053649E /* PopupView */,
				8551FF362747117E0053649E /* DynamicColor */,
				855DAB1F2748613D00BE2AAB /* SwiftLocation */,
				855DAB2C2748826700BE2AAB /* Introspect */,
				855DAB322748956200BE2AAB /* Snap */,
				85DBF3C92748AF2A0080312D /* LightChart */,
			);
			productName = junctionapp;
			productReference = 8551FF0727470FF20053649E /* junctionapp.app */;
			productType = "com.apple.product-type.application";
		};
/* End PBXNativeTarget section */

/* Begin PBXProject section */
		8551FEFF27470FF10053649E /* Project object */ = {
			isa = PBXProject;
			attributes = {
				BuildIndependentTargetsInParallel = 1;
				LastSwiftUpdateCheck = 1320;
				LastUpgradeCheck = 1320;
				TargetAttributes = {
					8551FF0627470FF20053649E = {
						CreatedOnToolsVersion = 13.2;
					};
				};
			};
			buildConfigurationList = 8551FF0227470FF20053649E /* Build configuration list for PBXProject "junctionapp" */;
			compatibilityVersion = "Xcode 13.0";
			developmentRegion = en;
			hasScannedForEncodings = 0;
			knownRegions = (
				en,
				Base,
			);
			mainGroup = 8551FEFE27470FF10053649E;
			packageReferences = (
				8551FF1B274710840053649E /* XCRemoteSwiftPackageReference "SwiftUIX" */,
				8551FF1E274710970053649E /* XCRemoteSwiftPackageReference "pure-swift-ui" */,
				8551FF21274710A90053649E /* XCRemoteSwiftPackageReference "Alamofire" */,
				8551FF24274710C70053649E /* XCRemoteSwiftPackageReference "Regex" */,
				8551FF27274710DF0053649E /* XCRemoteSwiftPackageReference "SkeletonUI" */,
				8551FF2A274710F10053649E /* XCRemoteSwiftPackageReference "SDWebImageSwiftUI" */,
				8551FF2D274711270053649E /* XCRemoteSwiftPackageReference "Media" */,
				8551FF32274711460053649E /* XCRemoteSwiftPackageReference "PopupView" */,
				8551FF352747117E0053649E /* XCRemoteSwiftPackageReference "DynamicColor" */,
				855DAB1E2748613D00BE2AAB /* XCRemoteSwiftPackageReference "SwiftLocation" */,
				855DAB2B2748826700BE2AAB /* XCRemoteSwiftPackageReference "SwiftUI-Introspect" */,
				855DAB312748956200BE2AAB /* XCRemoteSwiftPackageReference "Snap" */,
				85DBF3C82748AF2A0080312D /* XCRemoteSwiftPackageReference "LightChart" */,
			);
			productRefGroup = 8551FF0827470FF20053649E /* Products */;
			projectDirPath = "";
			projectRoot = "";
			targets = (
				8551FF0627470FF20053649E /* junctionapp */,
			);
		};
/* End PBXProject section */

/* Begin PBXResourcesBuildPhase section */
		8551FF0527470FF20053649E /* Resources */ = {
			isa = PBXResourcesBuildPhase;
			buildActionMask = 2147483647;
			files = (
				85BA7ED62748129500DF4F43 /* Launch Screen.storyboard in Resources */,
				8551FF1227470FF30053649E /* Preview Assets.xcassets in Resources */,
				8551FF0F27470FF30053649E /* Assets.xcassets in Resources */,
			);
			runOnlyForDeploymentPostprocessing = 0;
		};
/* End PBXResourcesBuildPhase section */

/* Begin PBXSourcesBuildPhase section */
		8551FF0327470FF20053649E /* Sources */ = {
			isa = PBXSourcesBuildPhase;
			buildActionMask = 2147483647;
			files = (
				8551FF4F2747C9AA0053649E /* Title.swift in Sources */,
				85DBF3CC2748E6290080312D /* Environment+safeArea.swift in Sources */,
				8551FF652747D1E10053649E /* Notifications.swift in Sources */,
				855DAB3627489E0700BE2AAB /* PlainCard.swift in Sources */,
				858BDC632749316F00FD5DCA /* AvatarViewModifier.swift in Sources */,
				858BDC67274933B600FD5DCA /* AvatarModel.swift in Sources */,
				8551FF552747C9F40053649E /* Collection+safe.swift in Sources */,
				855DAB122748531900BE2AAB /* NetworkService+notification.swift in Sources */,
				855DAB062748353000BE2AAB /* MapView.swift in Sources */,
				858BDC692749357900FD5DCA /* NetworkService+avatar.swift in Sources */,
				8551FF402747129C0053649E /* NetworkService.swift in Sources */,
				8551FF692747D2EA0053649E /* ActivityIndicator.swift in Sources */,
				855DAB0D2748459100BE2AAB /* HouseModel.swift in Sources */,
				85DBF3D127490C6E0080312D /* EventView.swift in Sources */,
				855DAB192748542D00BE2AAB /* NotificationsViewModel.swift in Sources */,
				8551FF532747C9C70053649E /* Caption.swift in Sources */,
				858BDC70274940D700FD5DCA /* EventSheetView.swift in Sources */,
				8551FF512747C9B20053649E /* Subtitle.swift in Sources */,
				8551FF5E2747CEFE0053649E /* Encodable+dict.swift in Sources */,
				855DAB09274837E600BE2AAB /* CityView.swift in Sources */,
				8551FF492747C91B0053649E /* Colors.swift in Sources */,
				8551FF442747153B0053649E /* Alamofire+async.swift in Sources */,
				8551FF0D27470FF20053649E /* ContentView.swift in Sources */,
				8551FF472747C5FD0053649E /* MainModel.swift in Sources */,
				8551FF632747D1230053649E /* ViewModel.swift in Sources */,
				8551FF3C2747125B0053649E /* MainView.swift in Sources */,
				855DAB142748533C00BE2AAB /* NotificationModel.swift in Sources */,
				8551FF0B27470FF20053649E /* junctionappApp.swift in Sources */,
				8551FF572747CB2C0053649E /* ButtonStyles.swift in Sources */,
				855DAB2427486B9100BE2AAB /* SectionsView.swift in Sources */,
				858BDC652749317700FD5DCA /* AvatarViewModel.swift in Sources */,
				85DBF3D327490CE20080312D /* EventModel.swift in Sources */,
				855DAB1D2748571E00BE2AAB /* AppDelegate.swift in Sources */,
				8551FF592747CB820053649E /* Theme.swift in Sources */,
				858BDC6B27493F0000FD5DCA /* DividerView.swift in Sources */,
				855DAB162748541C00BE2AAB /* NotificationsViewModifier.swift in Sources */,
				855DAB0B27483B3D00BE2AAB /* CityViewModel.swift in Sources */,
				8551FF4B2747C95B0053649E /* Fonts.swift in Sources */,
				8551FF3E274712640053649E /* MainViewModel.swift in Sources */,
				855DAB1B274855D700BE2AAB /* CoordModel.swift in Sources */,
				8551FF672747D22F0053649E /* Alert+stringExpr.swift in Sources */,
				855DAB222748657100BE2AAB /* NetworkService+visit.swift in Sources */,
				858BDC6D2749408C00FD5DCA /* BottomSheetView.swift in Sources */,
				8551FF5C2747CE070053649E /* NetworkService+main.swift in Sources */,
				85DBF3CE274901770080312D /* Constants.swift in Sources */,
			);
			runOnlyForDeploymentPostprocessing = 0;
		};
/* End PBXSourcesBuildPhase section */

/* Begin XCBuildConfiguration section */
		8551FF1327470FF30053649E /* Debug */ = {
			isa = XCBuildConfiguration;
			buildSettings = {
				ALWAYS_SEARCH_USER_PATHS = NO;
				CLANG_ANALYZER_NONNULL = YES;
				CLANG_ANALYZER_NUMBER_OBJECT_CONVERSION = YES_AGGRESSIVE;
				CLANG_CXX_LANGUAGE_STANDARD = "gnu++17";
				CLANG_CXX_LIBRARY = "libc++";
				CLANG_ENABLE_MODULES = YES;
				CLANG_ENABLE_OBJC_ARC = YES;
				CLANG_ENABLE_OBJC_WEAK = YES;
				CLANG_WARN_BLOCK_CAPTURE_AUTORELEASING = YES;
				CLANG_WARN_BOOL_CONVERSION = YES;
				CLANG_WARN_COMMA = YES;
				CLANG_WARN_CONSTANT_CONVERSION = YES;
				CLANG_WARN_DEPRECATED_OBJC_IMPLEMENTATIONS = YES;
				CLANG_WARN_DIRECT_OBJC_ISA_USAGE = YES_ERROR;
				CLANG_WARN_DOCUMENTATION_COMMENTS = YES;
				CLANG_WARN_EMPTY_BODY = YES;
				CLANG_WARN_ENUM_CONVERSION = YES;
				CLANG_WARN_INFINITE_RECURSION = YES;
				CLANG_WARN_INT_CONVERSION = YES;
				CLANG_WARN_NON_LITERAL_NULL_CONVERSION = YES;
				CLANG_WARN_OBJC_IMPLICIT_RETAIN_SELF = YES;
				CLANG_WARN_OBJC_LITERAL_CONVERSION = YES;
				CLANG_WARN_OBJC_ROOT_CLASS = YES_ERROR;
				CLANG_WARN_QUOTED_INCLUDE_IN_FRAMEWORK_HEADER = YES;
				CLANG_WARN_RANGE_LOOP_ANALYSIS = YES;
				CLANG_WARN_STRICT_PROTOTYPES = YES;
				CLANG_WARN_SUSPICIOUS_MOVE = YES;
				CLANG_WARN_UNGUARDED_AVAILABILITY = YES_AGGRESSIVE;
				CLANG_WARN_UNREACHABLE_CODE = YES;
				CLANG_WARN__DUPLICATE_METHOD_MATCH = YES;
				COPY_PHASE_STRIP = NO;
				DEBUG_INFORMATION_FORMAT = dwarf;
				ENABLE_STRICT_OBJC_MSGSEND = YES;
				ENABLE_TESTABILITY = YES;
				GCC_C_LANGUAGE_STANDARD = gnu11;
				GCC_DYNAMIC_NO_PIC = NO;
				GCC_NO_COMMON_BLOCKS = YES;
				GCC_OPTIMIZATION_LEVEL = 0;
				GCC_PREPROCESSOR_DEFINITIONS = (
					"DEBUG=1",
					"$(inherited)",
				);
				GCC_WARN_64_TO_32_BIT_CONVERSION = YES;
				GCC_WARN_ABOUT_RETURN_TYPE = YES_ERROR;
				GCC_WARN_UNDECLARED_SELECTOR = YES;
				GCC_WARN_UNINITIALIZED_AUTOS = YES_AGGRESSIVE;
				GCC_WARN_UNUSED_FUNCTION = YES;
				GCC_WARN_UNUSED_VARIABLE = YES;
				IPHONEOS_DEPLOYMENT_TARGET = 15.2;
				MTL_ENABLE_DEBUG_INFO = INCLUDE_SOURCE;
				MTL_FAST_MATH = YES;
				ONLY_ACTIVE_ARCH = YES;
				SDKROOT = iphoneos;
				SWIFT_ACTIVE_COMPILATION_CONDITIONS = DEBUG;
				SWIFT_OPTIMIZATION_LEVEL = "-Onone";
			};
			name = Debug;
		};
		8551FF1427470FF30053649E /* Release */ = {
			isa = XCBuildConfiguration;
			buildSettings = {
				ALWAYS_SEARCH_USER_PATHS = NO;
				CLANG_ANALYZER_NONNULL = YES;
				CLANG_ANALYZER_NUMBER_OBJECT_CONVERSION = YES_AGGRESSIVE;
				CLANG_CXX_LANGUAGE_STANDARD = "gnu++17";
				CLANG_CXX_LIBRARY = "libc++";
				CLANG_ENABLE_MODULES = YES;
				CLANG_ENABLE_OBJC_ARC = YES;
				CLANG_ENABLE_OBJC_WEAK = YES;
				CLANG_WARN_BLOCK_CAPTURE_AUTORELEASING = YES;
				CLANG_WARN_BOOL_CONVERSION = YES;
				CLANG_WARN_COMMA = YES;
				CLANG_WARN_CONSTANT_CONVERSION = YES;
				CLANG_WARN_DEPRECATED_OBJC_IMPLEMENTATIONS = YES;
				CLANG_WARN_DIRECT_OBJC_ISA_USAGE = YES_ERROR;
				CLANG_WARN_DOCUMENTATION_COMMENTS = YES;
				CLANG_WARN_EMPTY_BODY = YES;
				CLANG_WARN_ENUM_CONVERSION = YES;
				CLANG_WARN_INFINITE_RECURSION = YES;
				CLANG_WARN_INT_CONVERSION = YES;
				CLANG_WARN_NON_LITERAL_NULL_CONVERSION = YES;
				CLANG_WARN_OBJC_IMPLICIT_RETAIN_SELF = YES;
				CLANG_WARN_OBJC_LITERAL_CONVERSION = YES;
				CLANG_WARN_OBJC_ROOT_CLASS = YES_ERROR;
				CLANG_WARN_QUOTED_INCLUDE_IN_FRAMEWORK_HEADER = YES;
				CLANG_WARN_RANGE_LOOP_ANALYSIS = YES;
				CLANG_WARN_STRICT_PROTOTYPES = YES;
				CLANG_WARN_SUSPICIOUS_MOVE = YES;
				CLANG_WARN_UNGUARDED_AVAILABILITY = YES_AGGRESSIVE;
				CLANG_WARN_UNREACHABLE_CODE = YES;
				CLANG_WARN__DUPLICATE_METHOD_MATCH = YES;
				COPY_PHASE_STRIP = NO;
				DEBUG_INFORMATION_FORMAT = "dwarf-with-dsym";
				ENABLE_NS_ASSERTIONS = NO;
				ENABLE_STRICT_OBJC_MSGSEND = YES;
				GCC_C_LANGUAGE_STANDARD = gnu11;
				GCC_NO_COMMON_BLOCKS = YES;
				GCC_WARN_64_TO_32_BIT_CONVERSION = YES;
				GCC_WARN_ABOUT_RETURN_TYPE = YES_ERROR;
				GCC_WARN_UNDECLARED_SELECTOR = YES;
				GCC_WARN_UNINITIALIZED_AUTOS = YES_AGGRESSIVE;
				GCC_WARN_UNUSED_FUNCTION = YES;
				GCC_WARN_UNUSED_VARIABLE = YES;
				IPHONEOS_DEPLOYMENT_TARGET = 15.2;
				MTL_ENABLE_DEBUG_INFO = NO;
				MTL_FAST_MATH = YES;
				SDKROOT = iphoneos;
				SWIFT_COMPILATION_MODE = wholemodule;
				SWIFT_OPTIMIZATION_LEVEL = "-O";
				VALIDATE_PRODUCT = YES;
			};
			name = Release;
		};
		8551FF1627470FF30053649E /* Debug */ = {
			isa = XCBuildConfiguration;
			buildSettings = {
				ASSETCATALOG_COMPILER_APPICON_NAME = AppIcon;
				ASSETCATALOG_COMPILER_GLOBAL_ACCENT_COLOR_NAME = AccentColor;
				CODE_SIGN_STYLE = Automatic;
				CURRENT_PROJECT_VERSION = 1;
				DEVELOPMENT_ASSET_PATHS = "\"junctionapp/Preview Content\"";
				DEVELOPMENT_TEAM = 99C2LB4W93;
				ENABLE_PREVIEWS = YES;
				GENERATE_INFOPLIST_FILE = YES;
				INFOPLIST_FILE = junctionapp/Info.plist;
				INFOPLIST_KEY_NSLocationAlwaysAndWhenInUseUsageDescription = "";
				INFOPLIST_KEY_NSLocationAlwaysUsageDescription = "";
				INFOPLIST_KEY_NSLocationWhenInUseUsageDescription = "";
				INFOPLIST_KEY_UIApplicationSceneManifest_Generation = YES;
				INFOPLIST_KEY_UIApplicationSupportsIndirectInputEvents = YES;
				INFOPLIST_KEY_UILaunchScreen_Generation = YES;
				INFOPLIST_KEY_UILaunchStoryboardName = "Launch Screen";
				INFOPLIST_KEY_UISupportedInterfaceOrientations_iPad = "UIInterfaceOrientationPortrait UIInterfaceOrientationPortraitUpsideDown UIInterfaceOrientationLandscapeLeft UIInterfaceOrientationLandscapeRight";
				INFOPLIST_KEY_UISupportedInterfaceOrientations_iPhone = "UIInterfaceOrientationPortrait UIInterfaceOrientationLandscapeLeft UIInterfaceOrientationLandscapeRight";
				LD_RUNPATH_SEARCH_PATHS = (
					"$(inherited)",
					"@executable_path/Frameworks",
				);
				MARKETING_VERSION = 1.0;
				PRODUCT_BUNDLE_IDENTIFIER = ru.coolone.junctionapp;
				PRODUCT_NAME = "$(TARGET_NAME)";
				SWIFT_EMIT_LOC_STRINGS = YES;
				SWIFT_VERSION = 5.0;
				TARGETED_DEVICE_FAMILY = "1,2";
			};
			name = Debug;
		};
		8551FF1727470FF30053649E /* Release */ = {
			isa = XCBuildConfiguration;
			buildSettings = {
				ASSETCATALOG_COMPILER_APPICON_NAME = AppIcon;
				ASSETCATALOG_COMPILER_GLOBAL_ACCENT_COLOR_NAME = AccentColor;
				CODE_SIGN_STYLE = Automatic;
				CURRENT_PROJECT_VERSION = 1;
				DEVELOPMENT_ASSET_PATHS = "\"junctionapp/Preview Content\"";
				DEVELOPMENT_TEAM = 99C2LB4W93;
				ENABLE_PREVIEWS = YES;
				GENERATE_INFOPLIST_FILE = YES;
				INFOPLIST_FILE = junctionapp/Info.plist;
				INFOPLIST_KEY_NSLocationAlwaysAndWhenInUseUsageDescription = "";
				INFOPLIST_KEY_NSLocationAlwaysUsageDescription = "";
				INFOPLIST_KEY_NSLocationWhenInUseUsageDescription = "";
				INFOPLIST_KEY_UIApplicationSceneManifest_Generation = YES;
				INFOPLIST_KEY_UIApplicationSupportsIndirectInputEvents = YES;
				INFOPLIST_KEY_UILaunchScreen_Generation = YES;
				INFOPLIST_KEY_UILaunchStoryboardName = "Launch Screen";
				INFOPLIST_KEY_UISupportedInterfaceOrientations_iPad = "UIInterfaceOrientationPortrait UIInterfaceOrientationPortraitUpsideDown UIInterfaceOrientationLandscapeLeft UIInterfaceOrientationLandscapeRight";
				INFOPLIST_KEY_UISupportedInterfaceOrientations_iPhone = "UIInterfaceOrientationPortrait UIInterfaceOrientationLandscapeLeft UIInterfaceOrientationLandscapeRight";
				LD_RUNPATH_SEARCH_PATHS = (
					"$(inherited)",
					"@executable_path/Frameworks",
				);
				MARKETING_VERSION = 1.0;
				PRODUCT_BUNDLE_IDENTIFIER = ru.coolone.junctionapp;
				PRODUCT_NAME = "$(TARGET_NAME)";
				SWIFT_EMIT_LOC_STRINGS = YES;
				SWIFT_VERSION = 5.0;
				TARGETED_DEVICE_FAMILY = "1,2";
			};
			name = Release;
		};
/* End XCBuildConfiguration section */

/* Begin XCConfigurationList section */
		8551FF0227470FF20053649E /* Build configuration list for PBXProject "junctionapp" */ = {
			isa = XCConfigurationList;
			buildConfigurations = (
				8551FF1327470FF30053649E /* Debug */,
				8551FF1427470FF30053649E /* Release */,
			);
			defaultConfigurationIsVisible = 0;
			defaultConfigurationName = Release;
		};
		8551FF1527470FF30053649E /* Build configuration list for PBXNativeTarget "junctionapp" */ = {
			isa = XCConfigurationList;
			buildConfigurations = (
				8551FF1627470FF30053649E /* Debug */,
				8551FF1727470FF30053649E /* Release */,
			);
			defaultConfigurationIsVisible = 0;
			defaultConfigurationName = Release;
		};
/* End XCConfigurationList section */

/* Begin XCRemoteSwiftPackageReference section */
		8551FF1B274710840053649E /* XCRemoteSwiftPackageReference "SwiftUIX" */ = {
			isa = XCRemoteSwiftPackageReference;
			repositoryURL = "https://github.com/SwiftUIX/SwiftUIX.git";
			requirement = {
				kind = upToNextMajorVersion;
				minimumVersion = 0.0.9;
			};
		};
		8551FF1E274710970053649E /* XCRemoteSwiftPackageReference "pure-swift-ui" */ = {
			isa = XCRemoteSwiftPackageReference;
			repositoryURL = "https://github.com/CodeSlicing/pure-swift-ui.git";
			requirement = {
				kind = upToNextMajorVersion;
				minimumVersion = 3.0.0;
			};
		};
		8551FF21274710A90053649E /* XCRemoteSwiftPackageReference "Alamofire" */ = {
			isa = XCRemoteSwiftPackageReference;
			repositoryURL = "https://github.com/Alamofire/Alamofire.git";
			requirement = {
				kind = upToNextMajorVersion;
				minimumVersion = 5.0.0;
			};
		};
		8551FF24274710C70053649E /* XCRemoteSwiftPackageReference "Regex" */ = {
			isa = XCRemoteSwiftPackageReference;
			repositoryURL = "https://github.com/sharplet/Regex.git";
			requirement = {
				kind = upToNextMajorVersion;
				minimumVersion = 2.0.0;
			};
		};
		8551FF27274710DF0053649E /* XCRemoteSwiftPackageReference "SkeletonUI" */ = {
			isa = XCRemoteSwiftPackageReference;
			repositoryURL = "https://github.com/CSolanaM/SkeletonUI.git";
			requirement = {
				kind = upToNextMajorVersion;
				minimumVersion = 1.0.0;
			};
		};
		8551FF2A274710F10053649E /* XCRemoteSwiftPackageReference "SDWebImageSwiftUI" */ = {
			isa = XCRemoteSwiftPackageReference;
			repositoryURL = "https://github.com/SDWebImage/SDWebImageSwiftUI.git";
			requirement = {
				kind = upToNextMajorVersion;
				minimumVersion = 2.0.0;
			};
		};
		8551FF2D274711270053649E /* XCRemoteSwiftPackageReference "Media" */ = {
			isa = XCRemoteSwiftPackageReference;
			repositoryURL = "https://github.com/crelies/Media.git";
			requirement = {
				kind = upToNextMajorVersion;
				minimumVersion = 3.0.0;
			};
		};
		8551FF32274711460053649E /* XCRemoteSwiftPackageReference "PopupView" */ = {
			isa = XCRemoteSwiftPackageReference;
			repositoryURL = "https://github.com/exyte/PopupView.git";
			requirement = {
				kind = upToNextMajorVersion;
				minimumVersion = 1.0.0;
			};
		};
		8551FF352747117E0053649E /* XCRemoteSwiftPackageReference "DynamicColor" */ = {
			isa = XCRemoteSwiftPackageReference;
			repositoryURL = "https://github.com/yannickl/DynamicColor.git";
			requirement = {
				kind = upToNextMajorVersion;
				minimumVersion = 5.0.0;
			};
		};
		855DAB1E2748613D00BE2AAB /* XCRemoteSwiftPackageReference "SwiftLocation" */ = {
			isa = XCRemoteSwiftPackageReference;
			repositoryURL = "https://github.com/malcommac/SwiftLocation";
			requirement = {
				kind = upToNextMajorVersion;
				minimumVersion = 5.0.0;
			};
		};
		855DAB2B2748826700BE2AAB /* XCRemoteSwiftPackageReference "SwiftUI-Introspect" */ = {
			isa = XCRemoteSwiftPackageReference;
			repositoryURL = "https://github.com/siteline/SwiftUI-Introspect.git";
			requirement = {
				kind = upToNextMajorVersion;
				minimumVersion = 0.1.3;
			};
		};
		855DAB312748956200BE2AAB /* XCRemoteSwiftPackageReference "Snap" */ = {
			isa = XCRemoteSwiftPackageReference;
			repositoryURL = "https://github.com/CoolONEOfficial/Snap";
			requirement = {
				branch = develop;
				kind = branch;
			};
		};
		85DBF3C82748AF2A0080312D /* XCRemoteSwiftPackageReference "LightChart" */ = {
			isa = XCRemoteSwiftPackageReference;
			repositoryURL = "https://github.com/pichukov/LightChart";
			requirement = {
				kind = upToNextMajorVersion;
				minimumVersion = 1.0.0;
			};
		};
/* End XCRemoteSwiftPackageReference section */

/* Begin XCSwiftPackageProductDependency section */
		8551FF1C274710840053649E /* SwiftUIX */ = {
			isa = XCSwiftPackageProductDependency;
			package = 8551FF1B274710840053649E /* XCRemoteSwiftPackageReference "SwiftUIX" */;
			productName = SwiftUIX;
		};
		8551FF1F274710970053649E /* PureSwiftUI */ = {
			isa = XCSwiftPackageProductDependency;
			package = 8551FF1E274710970053649E /* XCRemoteSwiftPackageReference "pure-swift-ui" */;
			productName = PureSwiftUI;
		};
		8551FF22274710A90053649E /* Alamofire */ = {
			isa = XCSwiftPackageProductDependency;
			package = 8551FF21274710A90053649E /* XCRemoteSwiftPackageReference "Alamofire" */;
			productName = Alamofire;
		};
		8551FF25274710C70053649E /* Regex */ = {
			isa = XCSwiftPackageProductDependency;
			package = 8551FF24274710C70053649E /* XCRemoteSwiftPackageReference "Regex" */;
			productName = Regex;
		};
		8551FF28274710DF0053649E /* SkeletonUI */ = {
			isa = XCSwiftPackageProductDependency;
			package = 8551FF27274710DF0053649E /* XCRemoteSwiftPackageReference "SkeletonUI" */;
			productName = SkeletonUI;
		};
		8551FF2B274710F10053649E /* SDWebImageSwiftUI */ = {
			isa = XCSwiftPackageProductDependency;
			package = 8551FF2A274710F10053649E /* XCRemoteSwiftPackageReference "SDWebImageSwiftUI" */;
			productName = SDWebImageSwiftUI;
		};
		8551FF2E274711270053649E /* MediaCore */ = {
			isa = XCSwiftPackageProductDependency;
			package = 8551FF2D274711270053649E /* XCRemoteSwiftPackageReference "Media" */;
			productName = MediaCore;
		};
		8551FF30274711270053649E /* MediaSwiftUI */ = {
			isa = XCSwiftPackageProductDependency;
			package = 8551FF2D274711270053649E /* XCRemoteSwiftPackageReference "Media" */;
			productName = MediaSwiftUI;
		};
		8551FF33274711460053649E /* PopupView */ = {
			isa = XCSwiftPackageProductDependency;
			package = 8551FF32274711460053649E /* XCRemoteSwiftPackageReference "PopupView" */;
			productName = PopupView;
		};
		8551FF362747117E0053649E /* DynamicColor */ = {
			isa = XCSwiftPackageProductDependency;
			package = 8551FF352747117E0053649E /* XCRemoteSwiftPackageReference "DynamicColor" */;
			productName = DynamicColor;
		};
		855DAB1F2748613D00BE2AAB /* SwiftLocation */ = {
			isa = XCSwiftPackageProductDependency;
			package = 855DAB1E2748613D00BE2AAB /* XCRemoteSwiftPackageReference "SwiftLocation" */;
			productName = SwiftLocation;
		};
		855DAB2C2748826700BE2AAB /* Introspect */ = {
			isa = XCSwiftPackageProductDependency;
			package = 855DAB2B2748826700BE2AAB /* XCRemoteSwiftPackageReference "SwiftUI-Introspect" */;
			productName = Introspect;
		};
		855DAB322748956200BE2AAB /* Snap */ = {
			isa = XCSwiftPackageProductDependency;
			package = 855DAB312748956200BE2AAB /* XCRemoteSwiftPackageReference "Snap" */;
			productName = Snap;
		};
		85DBF3C92748AF2A0080312D /* LightChart */ = {
			isa = XCSwiftPackageProductDependency;
			package = 85DBF3C82748AF2A0080312D /* XCRemoteSwiftPackageReference "LightChart" */;
			productName = LightChart;
		};
/* End XCSwiftPackageProductDependency section */
	};
	rootObject = 8551FEFF27470FF10053649E /* Project object */;
}
